
Microsoft Visual Studio Solution File, Format Version 12.00
# Visual Studio Version 17
VisualStudioVersion = 17.9.34728.123
MinimumVisualStudioVersion = 10.0.40219.1
Project("{FAE04EC0-301F-11D3-BF4B-00C04F79EFBC}") = "TestWebSit", "TestWebSit\TestWebSit.csproj", "{412D286F-2B38-4841-8141-494AB8696E38}"
EndProject
Project("{FAE04EC0-301F-11D3-BF4B-00C04F79EFBC}") = "BO", "BO\BO.csproj", "{AF5AC552-011F-41EE-8CD5-8A2CB45A86C2}"
EndProject
Global
	GlobalSection(SolutionConfigurationPlatforms) = preSolution
		Debug|Any CPU = Debug|Any CPU
		Release|Any CPU = Release|Any CPU
	EndGlobalSection
	GlobalSection(ProjectConfigurationPlatforms) = postSolution
		{412D286F-2B38-4841-8141-494AB8696E38}.Debug|Any CPU.ActiveCfg = Debug|Any CPU
		{412D286F-2B38-4841-8141-494AB8696E38}.Debug|Any CPU.Build.0 = Debug|Any CPU
		{412D286F-2B38-4841-8141-494AB8696E38}.Release|Any CPU.ActiveCfg = Release|Any CPU
		{412D286F-2B38-4841-8141-494AB8696E38}.Release|Any CPU.Build.0 = Release|Any CPU
		{AF5AC552-011F-41EE-8CD5-8A2CB45A86C2}.Debug|Any CPU.ActiveCfg = Debug|Any CPU
		{AF5AC552-011F-41EE-8CD5-8A2CB45A86C2}.Debug|Any CPU.Build.0 = Debug|Any CPU
		{AF5AC552-011F-41EE-8CD5-8A2CB45A86C2}.Release|Any CPU.ActiveCfg = Release|Any CPU
		{AF5AC552-011F-41EE-8CD5-8A2CB45A86C2}.Release|Any CPU.Build.0 = Release|Any CPU
	EndGlobalSection
	GlobalSection(SolutionProperties) = preSolution
		HideSolutionNode = FALSE
	EndGlobalSection
	GlobalSection(ExtensibilityGlobals) = postSolution
		SolutionGuid = {1E4F3B6D-A2B5-4A09-A5D5-5EE99B80D2CC}
	EndGlobalSection
EndGlobal
